
Microsoft Visual Studio Solution File, Format Version 12.00
# Visual Studio Version 16
VisualStudioVersion = 16.0.30907.101
MinimumVisualStudioVersion = 10.0.40219.1
Project("{FAE04EC0-301F-11D3-BF4B-00C04F79EFBC}") = "CustomerCommLib", "CustomerCommLib\CustomerCommLib.csproj", "{1570382A-14DC-49E1-851F-281E8CC34701}"
EndProject
Project("{FAE04EC0-301F-11D3-BF4B-00C04F79EFBC}") = "CustomerCommTests", "CustomerCommTests\CustomerCommTests.csproj", "{90BACABE-ED09-47C6-9BDD-00DD5BFBEE16}"
EndProject
Global
	GlobalSection(SolutionConfigurationPlatforms) = preSolution
		Debug|Any CPU = Debug|Any CPU
		Release|Any CPU = Release|Any CPU
	EndGlobalSection
	GlobalSection(ProjectConfigurationPlatforms) = postSolution
		{1570382A-14DC-49E1-851F-281E8CC34701}.Debug|Any CPU.ActiveCfg = Debug|Any CPU
		{1570382A-14DC-49E1-851F-281E8CC34701}.Debug|Any CPU.Build.0 = Debug|Any CPU
		{1570382A-14DC-49E1-851F-281E8CC34701}.Release|Any CPU.ActiveCfg = Release|Any CPU
		{1570382A-14DC-49E1-851F-281E8CC34701}.Release|Any CPU.Build.0 = Release|Any CPU
		{90BACABE-ED09-47C6-9BDD-00DD5BFBEE16}.Debug|Any CPU.ActiveCfg = Debug|Any CPU
		{90BACABE-ED09-47C6-9BDD-00DD5BFBEE16}.Debug|Any CPU.Build.0 = Debug|Any CPU
		{90BACABE-ED09-47C6-9BDD-00DD5BFBEE16}.Release|Any CPU.ActiveCfg = Release|Any CPU
		{90BACABE-ED09-47C6-9BDD-00DD5BFBEE16}.Release|Any CPU.Build.0 = Release|Any CPU
	EndGlobalSection
	GlobalSection(SolutionProperties) = preSolution
		HideSolutionNode = FALSE
	EndGlobalSection
	GlobalSection(ExtensibilityGlobals) = postSolution
		SolutionGuid = {028A7020-0A46-41A6-A9E0-836A79A06AB9}
	EndGlobalSection
EndGlobal
